
Microsoft Visual Studio Solution File, Format Version 12.00
# Visual Studio Version 16
VisualStudioVersion = 16.0.30413.136
MinimumVisualStudioVersion = 10.0.40219.1
Project("{FAE04EC0-301F-11D3-BF4B-00C04F79EFBC}") = "001_generics", "001_generics\001_generics.csproj", "{B04E7BA1-8C5C-4A72-AE7B-A6ADACAFFA74}"
EndProject
Project("{FAE04EC0-301F-11D3-BF4B-00C04F79EFBC}") = "002_generics", "002_generics\002_generics.csproj", "{B5C1ACAE-E684-44D6-B1B6-2D513F8A8779}"
EndProject
Global
	GlobalSection(SolutionConfigurationPlatforms) = preSolution
		Debug|Any CPU = Debug|Any CPU
		Release|Any CPU = Release|Any CPU
	EndGlobalSection
	GlobalSection(ProjectConfigurationPlatforms) = postSolution
		{B04E7BA1-8C5C-4A72-AE7B-A6ADACAFFA74}.Debug|Any CPU.ActiveCfg = Debug|Any CPU
		{B04E7BA1-8C5C-4A72-AE7B-A6ADACAFFA74}.Debug|Any CPU.Build.0 = Debug|Any CPU
		{B04E7BA1-8C5C-4A72-AE7B-A6ADACAFFA74}.Release|Any CPU.ActiveCfg = Release|Any CPU
		{B04E7BA1-8C5C-4A72-AE7B-A6ADACAFFA74}.Release|Any CPU.Build.0 = Release|Any CPU
		{B5C1ACAE-E684-44D6-B1B6-2D513F8A8779}.Debug|Any CPU.ActiveCfg = Debug|Any CPU
		{B5C1ACAE-E684-44D6-B1B6-2D513F8A8779}.Debug|Any CPU.Build.0 = Debug|Any CPU
		{B5C1ACAE-E684-44D6-B1B6-2D513F8A8779}.Release|Any CPU.ActiveCfg = Release|Any CPU
		{B5C1ACAE-E684-44D6-B1B6-2D513F8A8779}.Release|Any CPU.Build.0 = Release|Any CPU
	EndGlobalSection
	GlobalSection(SolutionProperties) = preSolution
		HideSolutionNode = FALSE
	EndGlobalSection
	GlobalSection(ExtensibilityGlobals) = postSolution
		SolutionGuid = {7647032C-A47E-4709-963F-877522742A7D}
	EndGlobalSection
EndGlobal
